
Microsoft Visual Studio Solution File, Format Version 12.00
# Visual Studio Version 16
VisualStudioVersion = 16.0.31702.278
MinimumVisualStudioVersion = 10.0.40219.1
Project("{9A19103F-16F7-4668-BE54-9A1E7A4F7556}") = "TitleRename", "TitleRename\TitleRename.csproj", "{C8BACF00-0DEF-4189-9B8F-306C1FF062BA}"
EndProject
Project("{FAE04EC0-301F-11D3-BF4B-00C04F79EFBC}") = "TitleRename.IntegrationTest", "TitleRename.IntegrationTest\TitleRename.IntegrationTest.csproj", "{59BF0840-0B35-4ED5-9423-FBDFCCF373F2}"
EndProject
Global
	GlobalSection(SolutionConfigurationPlatforms) = preSolution
		Debug|Any CPU = Debug|Any CPU
		Release|Any CPU = Release|Any CPU
	EndGlobalSection
	GlobalSection(ProjectConfigurationPlatforms) = postSolution
		{C8BACF00-0DEF-4189-9B8F-306C1FF062BA}.Debug|Any CPU.ActiveCfg = Debug|Any CPU
		{C8BACF00-0DEF-4189-9B8F-306C1FF062BA}.Debug|Any CPU.Build.0 = Debug|Any CPU
		{C8BACF00-0DEF-4189-9B8F-306C1FF062BA}.Release|Any CPU.ActiveCfg = Release|Any CPU
		{C8BACF00-0DEF-4189-9B8F-306C1FF062BA}.Release|Any CPU.Build.0 = Release|Any CPU
		{59BF0840-0B35-4ED5-9423-FBDFCCF373F2}.Debug|Any CPU.ActiveCfg = Debug|Any CPU
		{59BF0840-0B35-4ED5-9423-FBDFCCF373F2}.Debug|Any CPU.Build.0 = Debug|Any CPU
		{59BF0840-0B35-4ED5-9423-FBDFCCF373F2}.Release|Any CPU.ActiveCfg = Release|Any CPU
		{59BF0840-0B35-4ED5-9423-FBDFCCF373F2}.Release|Any CPU.Build.0 = Release|Any CPU
	EndGlobalSection
	GlobalSection(SolutionProperties) = preSolution
		HideSolutionNode = FALSE
	EndGlobalSection
	GlobalSection(ExtensibilityGlobals) = postSolution
		SolutionGuid = {A0B8B9F3-B089-4924-A791-C42422C407AF}
	EndGlobalSection
EndGlobal
